
Microsoft Visual Studio Solution File, Format Version 12.00
# Visual Studio Version 17
VisualStudioVersion = 17.14.36414.22
MinimumVisualStudioVersion = 10.0.40219.1
Project("{9A19103F-16F7-4668-BE54-9A1E7A4F7556}") = "2-Estrutura_Condicional", "Estrutura_Condicional\2-Estrutura_Condicional.csproj", "{5741BDA2-96BE-4440-ACCF-E46AA373A3C5}"
EndProject
Project("{9A19103F-16F7-4668-BE54-9A1E7A4F7556}") = "2-1-Estrutura_Condicional_mercado", "2-1-Estrutura_Condicional_mercado\2-1-Estrutura_Condicional_mercado.csproj", "{F86133DF-E8D7-4497-8877-14F260FE7009}"
EndProject
Project("{9A19103F-16F7-4668-BE54-9A1E7A4F7556}") = "3-Calculcadora_de_IMC", "3-Calculcadora_de_IMC\3-Calculcadora_de_IMC.csproj", "{CE716343-497A-4A2A-9123-A741E07426D9}"
EndProject
Project("{9A19103F-16F7-4668-BE54-9A1E7A4F7556}") = "2-2-Carteira_Habilitação", "2-2-Carteira_Habilitação\2-2-Carteira_Habilitação.csproj", "{4096CDE0-601D-40BF-8C0B-C0DBB8B7756F}"
EndProject
Project("{9A19103F-16F7-4668-BE54-9A1E7A4F7556}") = "2-3-Estrutura_Condicional_DIA_SEMANA", "2-1-Estrutura_Condicional_Switch\2-3-Estrutura_Condicional_DIA_SEMANA.csproj", "{7271CBCE-9E70-4C7D-93FC-A01D3BFC6AB4}"
EndProject
Project("{9A19103F-16F7-4668-BE54-9A1E7A4F7556}") = "2-4-Estrutura_Condicional_DIA_SEMANA_SWITCH", "2-4-Estrutura_Condicional_DIA_SEMANA_SWITCH\2-4-Estrutura_Condicional_DIA_SEMANA_SWITCH.csproj", "{DED1E46A-DEA2-4949-BA9A-B379F1A99509}"
EndProject
Project("{9A19103F-16F7-4668-BE54-9A1E7A4F7556}") = "4-1-CALCULADORA_TABUADA", "4-1-CALCULADORA_TABUADA\4-1-CALCULADORA_TABUADA.csproj", "{527C860A-F013-4647-A27C-56FCCC9F76B4}"
EndProject
Project("{9A19103F-16F7-4668-BE54-9A1E7A4F7556}") = "01-ATIVIDADE Boletim de Viagem", "ATIVIDADE Boletim de Viagem\01-ATIVIDADE Boletim de Viagem.csproj", "{7B7C3166-1AB5-4B3A-8130-E380652F5514}"
EndProject
Project("{9A19103F-16F7-4668-BE54-9A1E7A4F7556}") = "02-ATIVIDADE CLIMA", "02-ATIVIDADE CLIMA\02-ATIVIDADE CLIMA.csproj", "{613B8ADB-CCE5-4685-A69D-B87FEC7D9B24}"
EndProject
Project("{9A19103F-16F7-4668-BE54-9A1E7A4F7556}") = "03-ATIVIDADE-Relatório Financeiro", "03-ATIVIDADE-Relatório Financeiro\03-ATIVIDADE-Relatório Financeiro.csproj", "{8D94A848-97C2-4CB8-8030-540ECA673047}"
EndProject
Project("{9A19103F-16F7-4668-BE54-9A1E7A4F7556}") = "04-ATIVIDADE Conversor de Moedas", "04-Conversor de Moedas\04-ATIVIDADE Conversor de Moedas.csproj", "{AB0CB1DC-16D4-41F6-B1EF-BA431F882CD2}"
EndProject
Project("{9A19103F-16F7-4668-BE54-9A1E7A4F7556}") = "5-Array", "5-Array\5-Array.csproj", "{2C33D8B9-5D24-43C2-9584-2B881C80C7B8}"
EndProject
Project("{9A19103F-16F7-4668-BE54-9A1E7A4F7556}") = "AULA 04-Arrays e Funções_1_Soma dos Elementos", "5-1 Atividades Arrays e Funções\AULA 04-Arrays e Funções_1_Soma dos Elementos.csproj", "{9E961E83-3A7B-48EE-81F8-C6AA6638C855}"
EndProject
Project("{9A19103F-16F7-4668-BE54-9A1E7A4F7556}") = "05-ATIVIDADE CACULO DE DESCONTO", "04-ATIVIDADE CACULO DE DESCONTO\05-ATIVIDADE CACULO DE DESCONTO.csproj", "{AF7E6D7C-2E97-436C-BD2C-2EA4205FA67A}"
EndProject
Project("{9A19103F-16F7-4668-BE54-9A1E7A4F7556}") = "06-ATIVIDADE DIVISAO DE CONTA", "06-DIVISAO DE CONTA\06-ATIVIDADE DIVISAO DE CONTA.csproj", "{18071398-B4E6-453B-8FF3-3CB68C860A87}"
EndProject
Project("{9A19103F-16F7-4668-BE54-9A1E7A4F7556}") = "07-ATIVIDADE VELOCIDADE VIA", "07-DIVISAO DE CONTA\07-ATIVIDADE VELOCIDADE VIA.csproj", "{114F5775-2DE5-4CE4-84B6-6A6AB995605D}"
EndProject
Project("{9A19103F-16F7-4668-BE54-9A1E7A4F7556}") = "08-ATIVIDADE CATEGORIA VOTAÇÃO", "08-ATIVIDADE CATEGORIA VOTAÇÃO\08-ATIVIDADE CATEGORIA VOTAÇÃO.csproj", "{70AB7875-FAAF-4B82-9576-81F898316F97}"
EndProject
Project("{9A19103F-16F7-4668-BE54-9A1E7A4F7556}") = "09-ATIVIDADE CLASSIFICAÇÃO DE NUMEROS", "09-ATIVIDADE CLASSIFICAÇÃO DE NUMEROS\09-ATIVIDADE CLASSIFICAÇÃO DE NUMEROS.csproj", "{0BEB7FD2-75BA-416E-AA71-95E95990A699}"
EndProject
Project("{9A19103F-16F7-4668-BE54-9A1E7A4F7556}") = "10-ATIVIDADE VALIDAÇÃO SENHA", "10-ATIVIDADE VALIDAÇÃO SENHA\10-ATIVIDADE VALIDAÇÃO SENHA.csproj", "{C37D757B-5DCD-4547-8D8D-EABE70BD8663}"
EndProject
Project("{9A19103F-16F7-4668-BE54-9A1E7A4F7556}") = "11-ATIVIDADE CONTAGEM DE PARES", "11-CONTAGEM DE PARES\11-ATIVIDADE CONTAGEM DE PARES.csproj", "{273D8D2C-993F-404A-88BC-5644EBD917FD}"
EndProject
Project("{9A19103F-16F7-4668-BE54-9A1E7A4F7556}") = "12-ATIVIDADE QUADRADOS DE NUMEROS", "12-QUADRADOS DE NUMEROS\12-ATIVIDADE QUADRADOS DE NUMEROS.csproj", "{CF124307-8A88-445B-B2DD-EC98603E9C89}"
EndProject
Project("{9A19103F-16F7-4668-BE54-9A1E7A4F7556}") = "13-ATIVIDADE SEQUENCIA DE FIBONACCI (LIMITADA)", "13-ATIVIDADE SEQUENCIA DE FIBONACCI (LIMITADA)\13-ATIVIDADE SEQUENCIA DE FIBONACCI (LIMITADA).csproj", "{B0B73AA6-B82C-44E1-B8CB-B6B4EE9A7470}"
EndProject
Project("{9A19103F-16F7-4668-BE54-9A1E7A4F7556}") = "14-ATIVIDADE CAÇA AO NUMERO", "14-ATIVIDADE CAÇA AO NUMERO\14-ATIVIDADE CAÇA AO NUMERO.csproj", "{4169B226-22B9-46B6-9124-92EF75BAAA9E}"
EndProject
Project("{9A19103F-16F7-4668-BE54-9A1E7A4F7556}") = "15-ATIVIDADE MEDIA DE VARIOS NUMEROS", "15-ATIVIDADE MEIDA DE VARIOS NUMEROS\15-ATIVIDADE MEDIA DE VARIOS NUMEROS.csproj", "{A2DDF11E-C81F-4288-AA5B-5F1A2E8F82AC}"
EndProject
Project("{FAE04EC0-301F-11D3-BF4B-00C04F79EFBC}") = "REFORCO 1-funcoes", "REFORCO 1\REFORCO 1-funcoes.csproj", "{CD33A8E4-013F-4A98-8CD5-2CE836DF7E88}"
EndProject
Project("{FAE04EC0-301F-11D3-BF4B-00C04F79EFBC}") = "TESTE DE CODIGOS", "TESTE DE CODIGOS\TESTE DE CODIGOS.csproj", "{2219A6B1-F5CD-4BDC-8D9A-BD17E12DD886}"
EndProject
Project("{FAE04EC0-301F-11D3-BF4B-00C04F79EFBC}") = "ATIVIDADE - JOGO DE ADIVINHAÇÃO", "ATIVIDADE - JOGO DE ADIVINHAÇÃO\ATIVIDADE - JOGO DE ADIVINHAÇÃO.csproj", "{CC717E94-4E7B-43DC-B513-D2568D251449}"
EndProject
Global
	GlobalSection(SolutionConfigurationPlatforms) = preSolution
		Debug|Any CPU = Debug|Any CPU
		Release|Any CPU = Release|Any CPU
	EndGlobalSection
	GlobalSection(ProjectConfigurationPlatforms) = postSolution
		{5741BDA2-96BE-4440-ACCF-E46AA373A3C5}.Debug|Any CPU.ActiveCfg = Debug|Any CPU
		{5741BDA2-96BE-4440-ACCF-E46AA373A3C5}.Debug|Any CPU.Build.0 = Debug|Any CPU
		{5741BDA2-96BE-4440-ACCF-E46AA373A3C5}.Release|Any CPU.ActiveCfg = Release|Any CPU
		{5741BDA2-96BE-4440-ACCF-E46AA373A3C5}.Release|Any CPU.Build.0 = Release|Any CPU
		{F86133DF-E8D7-4497-8877-14F260FE7009}.Debug|Any CPU.ActiveCfg = Debug|Any CPU
		{F86133DF-E8D7-4497-8877-14F260FE7009}.Debug|Any CPU.Build.0 = Debug|Any CPU
		{F86133DF-E8D7-4497-8877-14F260FE7009}.Release|Any CPU.ActiveCfg = Release|Any CPU
		{F86133DF-E8D7-4497-8877-14F260FE7009}.Release|Any CPU.Build.0 = Release|Any CPU
		{CE716343-497A-4A2A-9123-A741E07426D9}.Debug|Any CPU.ActiveCfg = Debug|Any CPU
		{CE716343-497A-4A2A-9123-A741E07426D9}.Debug|Any CPU.Build.0 = Debug|Any CPU
		{CE716343-497A-4A2A-9123-A741E07426D9}.Release|Any CPU.ActiveCfg = Release|Any CPU
		{CE716343-497A-4A2A-9123-A741E07426D9}.Release|Any CPU.Build.0 = Release|Any CPU
		{4096CDE0-601D-40BF-8C0B-C0DBB8B7756F}.Debug|Any CPU.ActiveCfg = Debug|Any CPU
		{4096CDE0-601D-40BF-8C0B-C0DBB8B7756F}.Debug|Any CPU.Build.0 = Debug|Any CPU
		{4096CDE0-601D-40BF-8C0B-C0DBB8B7756F}.Release|Any CPU.ActiveCfg = Release|Any CPU
		{4096CDE0-601D-40BF-8C0B-C0DBB8B7756F}.Release|Any CPU.Build.0 = Release|Any CPU
		{7271CBCE-9E70-4C7D-93FC-A01D3BFC6AB4}.Debug|Any CPU.ActiveCfg = Debug|Any CPU
		{7271CBCE-9E70-4C7D-93FC-A01D3BFC6AB4}.Debug|Any CPU.Build.0 = Debug|Any CPU
		{7271CBCE-9E70-4C7D-93FC-A01D3BFC6AB4}.Release|Any CPU.ActiveCfg = Release|Any CPU
		{7271CBCE-9E70-4C7D-93FC-A01D3BFC6AB4}.Release|Any CPU.Build.0 = Release|Any CPU
		{DED1E46A-DEA2-4949-BA9A-B379F1A99509}.Debug|Any CPU.ActiveCfg = Debug|Any CPU
		{DED1E46A-DEA2-4949-BA9A-B379F1A99509}.Debug|Any CPU.Build.0 = Debug|Any CPU
		{DED1E46A-DEA2-4949-BA9A-B379F1A99509}.Release|Any CPU.ActiveCfg = Release|Any CPU
		{DED1E46A-DEA2-4949-BA9A-B379F1A99509}.Release|Any CPU.Build.0 = Release|Any CPU
		{527C860A-F013-4647-A27C-56FCCC9F76B4}.Debug|Any CPU.ActiveCfg = Debug|Any CPU
		{527C860A-F013-4647-A27C-56FCCC9F76B4}.Debug|Any CPU.Build.0 = Debug|Any CPU
		{527C860A-F013-4647-A27C-56FCCC9F76B4}.Release|Any CPU.ActiveCfg = Release|Any CPU
		{527C860A-F013-4647-A27C-56FCCC9F76B4}.Release|Any CPU.Build.0 = Release|Any CPU
		{7B7C3166-1AB5-4B3A-8130-E380652F5514}.Debug|Any CPU.ActiveCfg = Debug|Any CPU
		{7B7C3166-1AB5-4B3A-8130-E380652F5514}.Debug|Any CPU.Build.0 = Debug|Any CPU
		{7B7C3166-1AB5-4B3A-8130-E380652F5514}.Release|Any CPU.ActiveCfg = Release|Any CPU
		{7B7C3166-1AB5-4B3A-8130-E380652F5514}.Release|Any CPU.Build.0 = Release|Any CPU
		{613B8ADB-CCE5-4685-A69D-B87FEC7D9B24}.Debug|Any CPU.ActiveCfg = Debug|Any CPU
		{613B8ADB-CCE5-4685-A69D-B87FEC7D9B24}.Debug|Any CPU.Build.0 = Debug|Any CPU
		{613B8ADB-CCE5-4685-A69D-B87FEC7D9B24}.Release|Any CPU.ActiveCfg = Release|Any CPU
		{613B8ADB-CCE5-4685-A69D-B87FEC7D9B24}.Release|Any CPU.Build.0 = Release|Any CPU
		{8D94A848-97C2-4CB8-8030-540ECA673047}.Debug|Any CPU.ActiveCfg = Debug|Any CPU
		{8D94A848-97C2-4CB8-8030-540ECA673047}.Debug|Any CPU.Build.0 = Debug|Any CPU
		{8D94A848-97C2-4CB8-8030-540ECA673047}.Release|Any CPU.ActiveCfg = Release|Any CPU
		{8D94A848-97C2-4CB8-8030-540ECA673047}.Release|Any CPU.Build.0 = Release|Any CPU
		{AB0CB1DC-16D4-41F6-B1EF-BA431F882CD2}.Debug|Any CPU.ActiveCfg = Debug|Any CPU
		{AB0CB1DC-16D4-41F6-B1EF-BA431F882CD2}.Debug|Any CPU.Build.0 = Debug|Any CPU
		{AB0CB1DC-16D4-41F6-B1EF-BA431F882CD2}.Release|Any CPU.ActiveCfg = Release|Any CPU
		{AB0CB1DC-16D4-41F6-B1EF-BA431F882CD2}.Release|Any CPU.Build.0 = Release|Any CPU
		{2C33D8B9-5D24-43C2-9584-2B881C80C7B8}.Debug|Any CPU.ActiveCfg = Debug|Any CPU
		{2C33D8B9-5D24-43C2-9584-2B881C80C7B8}.Debug|Any CPU.Build.0 = Debug|Any CPU
		{2C33D8B9-5D24-43C2-9584-2B881C80C7B8}.Release|Any CPU.ActiveCfg = Release|Any CPU
		{2C33D8B9-5D24-43C2-9584-2B881C80C7B8}.Release|Any CPU.Build.0 = Release|Any CPU
		{9E961E83-3A7B-48EE-81F8-C6AA6638C855}.Debug|Any CPU.ActiveCfg = Debug|Any CPU
		{9E961E83-3A7B-48EE-81F8-C6AA6638C855}.Debug|Any CPU.Build.0 = Debug|Any CPU
		{9E961E83-3A7B-48EE-81F8-C6AA6638C855}.Release|Any CPU.ActiveCfg = Release|Any CPU
		{9E961E83-3A7B-48EE-81F8-C6AA6638C855}.Release|Any CPU.Build.0 = Release|Any CPU
		{AF7E6D7C-2E97-436C-BD2C-2EA4205FA67A}.Debug|Any CPU.ActiveCfg = Debug|Any CPU
		{AF7E6D7C-2E97-436C-BD2C-2EA4205FA67A}.Debug|Any CPU.Build.0 = Debug|Any CPU
		{AF7E6D7C-2E97-436C-BD2C-2EA4205FA67A}.Release|Any CPU.ActiveCfg = Release|Any CPU
		{AF7E6D7C-2E97-436C-BD2C-2EA4205FA67A}.Release|Any CPU.Build.0 = Release|Any CPU
		{18071398-B4E6-453B-8FF3-3CB68C860A87}.Debug|Any CPU.ActiveCfg = Debug|Any CPU
		{18071398-B4E6-453B-8FF3-3CB68C860A87}.Debug|Any CPU.Build.0 = Debug|Any CPU
		{18071398-B4E6-453B-8FF3-3CB68C860A87}.Release|Any CPU.ActiveCfg = Release|Any CPU
		{18071398-B4E6-453B-8FF3-3CB68C860A87}.Release|Any CPU.Build.0 = Release|Any CPU
		{114F5775-2DE5-4CE4-84B6-6A6AB995605D}.Debug|Any CPU.ActiveCfg = Debug|Any CPU
		{114F5775-2DE5-4CE4-84B6-6A6AB995605D}.Debug|Any CPU.Build.0 = Debug|Any CPU
		{114F5775-2DE5-4CE4-84B6-6A6AB995605D}.Release|Any CPU.ActiveCfg = Release|Any CPU
		{114F5775-2DE5-4CE4-84B6-6A6AB995605D}.Release|Any CPU.Build.0 = Release|Any CPU
		{70AB7875-FAAF-4B82-9576-81F898316F97}.Debug|Any CPU.ActiveCfg = Debug|Any CPU
		{70AB7875-FAAF-4B82-9576-81F898316F97}.Debug|Any CPU.Build.0 = Debug|Any CPU
		{70AB7875-FAAF-4B82-9576-81F898316F97}.Release|Any CPU.ActiveCfg = Release|Any CPU
		{70AB7875-FAAF-4B82-9576-81F898316F97}.Release|Any CPU.Build.0 = Release|Any CPU
		{0BEB7FD2-75BA-416E-AA71-95E95990A699}.Debug|Any CPU.ActiveCfg = Debug|Any CPU
		{0BEB7FD2-75BA-416E-AA71-95E95990A699}.Debug|Any CPU.Build.0 = Debug|Any CPU
		{0BEB7FD2-75BA-416E-AA71-95E95990A699}.Release|Any CPU.ActiveCfg = Release|Any CPU
		{0BEB7FD2-75BA-416E-AA71-95E95990A699}.Release|Any CPU.Build.0 = Release|Any CPU
		{C37D757B-5DCD-4547-8D8D-EABE70BD8663}.Debug|Any CPU.ActiveCfg = Debug|Any CPU
		{C37D757B-5DCD-4547-8D8D-EABE70BD8663}.Debug|Any CPU.Build.0 = Debug|Any CPU
		{C37D757B-5DCD-4547-8D8D-EABE70BD8663}.Release|Any CPU.ActiveCfg = Release|Any CPU
		{C37D757B-5DCD-4547-8D8D-EABE70BD8663}.Release|Any CPU.Build.0 = Release|Any CPU
		{273D8D2C-993F-404A-88BC-5644EBD917FD}.Debug|Any CPU.ActiveCfg = Debug|Any CPU
		{273D8D2C-993F-404A-88BC-5644EBD917FD}.Debug|Any CPU.Build.0 = Debug|Any CPU
		{273D8D2C-993F-404A-88BC-5644EBD917FD}.Release|Any CPU.ActiveCfg = Release|Any CPU
		{273D8D2C-993F-404A-88BC-5644EBD917FD}.Release|Any CPU.Build.0 = Release|Any CPU
		{CF124307-8A88-445B-B2DD-EC98603E9C89}.Debug|Any CPU.ActiveCfg = Debug|Any CPU
		{CF124307-8A88-445B-B2DD-EC98603E9C89}.Debug|Any CPU.Build.0 = Debug|Any CPU
		{CF124307-8A88-445B-B2DD-EC98603E9C89}.Release|Any CPU.ActiveCfg = Release|Any CPU
		{CF124307-8A88-445B-B2DD-EC98603E9C89}.Release|Any CPU.Build.0 = Release|Any CPU
		{B0B73AA6-B82C-44E1-B8CB-B6B4EE9A7470}.Debug|Any CPU.ActiveCfg = Debug|Any CPU
		{B0B73AA6-B82C-44E1-B8CB-B6B4EE9A7470}.Debug|Any CPU.Build.0 = Debug|Any CPU
		{B0B73AA6-B82C-44E1-B8CB-B6B4EE9A7470}.Release|Any CPU.ActiveCfg = Release|Any CPU
		{B0B73AA6-B82C-44E1-B8CB-B6B4EE9A7470}.Release|Any CPU.Build.0 = Release|Any CPU
		{4169B226-22B9-46B6-9124-92EF75BAAA9E}.Debug|Any CPU.ActiveCfg = Debug|Any CPU
		{4169B226-22B9-46B6-9124-92EF75BAAA9E}.Debug|Any CPU.Build.0 = Debug|Any CPU
		{4169B226-22B9-46B6-9124-92EF75BAAA9E}.Release|Any CPU.ActiveCfg = Release|Any CPU
		{4169B226-22B9-46B6-9124-92EF75BAAA9E}.Release|Any CPU.Build.0 = Release|Any CPU
		{A2DDF11E-C81F-4288-AA5B-5F1A2E8F82AC}.Debug|Any CPU.ActiveCfg = Debug|Any CPU
		{A2DDF11E-C81F-4288-AA5B-5F1A2E8F82AC}.Debug|Any CPU.Build.0 = Debug|Any CPU
		{A2DDF11E-C81F-4288-AA5B-5F1A2E8F82AC}.Release|Any CPU.ActiveCfg = Release|Any CPU
		{A2DDF11E-C81F-4288-AA5B-5F1A2E8F82AC}.Release|Any CPU.Build.0 = Release|Any CPU
		{CD33A8E4-013F-4A98-8CD5-2CE836DF7E88}.Debug|Any CPU.ActiveCfg = Debug|Any CPU
		{CD33A8E4-013F-4A98-8CD5-2CE836DF7E88}.Debug|Any CPU.Build.0 = Debug|Any CPU
		{CD33A8E4-013F-4A98-8CD5-2CE836DF7E88}.Release|Any CPU.ActiveCfg = Release|Any CPU
		{CD33A8E4-013F-4A98-8CD5-2CE836DF7E88}.Release|Any CPU.Build.0 = Release|Any CPU
		{2219A6B1-F5CD-4BDC-8D9A-BD17E12DD886}.Debug|Any CPU.ActiveCfg = Debug|Any CPU
		{2219A6B1-F5CD-4BDC-8D9A-BD17E12DD886}.Debug|Any CPU.Build.0 = Debug|Any CPU
		{2219A6B1-F5CD-4BDC-8D9A-BD17E12DD886}.Release|Any CPU.ActiveCfg = Release|Any CPU
		{2219A6B1-F5CD-4BDC-8D9A-BD17E12DD886}.Release|Any CPU.Build.0 = Release|Any CPU
		{CC717E94-4E7B-43DC-B513-D2568D251449}.Debug|Any CPU.ActiveCfg = Debug|Any CPU
		{CC717E94-4E7B-43DC-B513-D2568D251449}.Debug|Any CPU.Build.0 = Debug|Any CPU
		{CC717E94-4E7B-43DC-B513-D2568D251449}.Release|Any CPU.ActiveCfg = Release|Any CPU
		{CC717E94-4E7B-43DC-B513-D2568D251449}.Release|Any CPU.Build.0 = Release|Any CPU
	EndGlobalSection
	GlobalSection(SolutionProperties) = preSolution
		HideSolutionNode = FALSE
	EndGlobalSection
	GlobalSection(ExtensibilityGlobals) = postSolution
		SolutionGuid = {AC3606F4-903A-4037-B2F4-F5E8BB15D65E}
	EndGlobalSection
EndGlobal
